
Microsoft Visual Studio Solution File, Format Version 12.00
# Visual Studio 15
VisualStudioVersion = 15.0.27428.2015
MinimumVisualStudioVersion = 10.0.40219.1
Project("{9A19103F-16F7-4668-BE54-9A1E7A4F7556}") = "Q.Lib", "Q.Lib\Q.Lib.csproj", "{18E14CA1-0B4C-4352-BD40-B351E2E02E31}"
EndProject
Project("{9A19103F-16F7-4668-BE54-9A1E7A4F7556}") = "Q.Sql", "Q.Sql\Q.Sql.csproj", "{F5FB795E-D19B-4820-8454-3A899AE8F942}"
EndProject
Project("{FAE04EC0-301F-11D3-BF4B-00C04F79EFBC}") = "Q.Mongo", "Q.Mongo\Q.Mongo.csproj", "{2066A5D6-C869-49CB-8F32-BECA2BA1B3F0}"
EndProject
Global
	GlobalSection(SolutionConfigurationPlatforms) = preSolution
		Debug|Any CPU = Debug|Any CPU
		Release|Any CPU = Release|Any CPU
	EndGlobalSection
	GlobalSection(ProjectConfigurationPlatforms) = postSolution
		{18E14CA1-0B4C-4352-BD40-B351E2E02E31}.Debug|Any CPU.ActiveCfg = Debug|Any CPU
		{18E14CA1-0B4C-4352-BD40-B351E2E02E31}.Debug|Any CPU.Build.0 = Debug|Any CPU
		{18E14CA1-0B4C-4352-BD40-B351E2E02E31}.Release|Any CPU.ActiveCfg = Release|Any CPU
		{18E14CA1-0B4C-4352-BD40-B351E2E02E31}.Release|Any CPU.Build.0 = Release|Any CPU
		{F5FB795E-D19B-4820-8454-3A899AE8F942}.Debug|Any CPU.ActiveCfg = Debug|Any CPU
		{F5FB795E-D19B-4820-8454-3A899AE8F942}.Debug|Any CPU.Build.0 = Debug|Any CPU
		{F5FB795E-D19B-4820-8454-3A899AE8F942}.Release|Any CPU.ActiveCfg = Release|Any CPU
		{F5FB795E-D19B-4820-8454-3A899AE8F942}.Release|Any CPU.Build.0 = Release|Any CPU
		{2066A5D6-C869-49CB-8F32-BECA2BA1B3F0}.Debug|Any CPU.ActiveCfg = Debug|Any CPU
		{2066A5D6-C869-49CB-8F32-BECA2BA1B3F0}.Debug|Any CPU.Build.0 = Debug|Any CPU
		{2066A5D6-C869-49CB-8F32-BECA2BA1B3F0}.Release|Any CPU.ActiveCfg = Release|Any CPU
		{2066A5D6-C869-49CB-8F32-BECA2BA1B3F0}.Release|Any CPU.Build.0 = Release|Any CPU
	EndGlobalSection
	GlobalSection(SolutionProperties) = preSolution
		HideSolutionNode = FALSE
	EndGlobalSection
	GlobalSection(ExtensibilityGlobals) = postSolution
		SolutionGuid = {7987BBC1-5D96-4881-96BD-BA63FB48CC7E}
	EndGlobalSection
EndGlobal
